
Microsoft Visual Studio Solution File, Format Version 12.00
# Visual Studio Version 16
VisualStudioVersion = 16.0.31229.75
MinimumVisualStudioVersion = 10.0.40219.1
Project("{FAE04EC0-301F-11D3-BF4B-00C04F79EFBC}") = "sl4vik", "sl4vik\sl4vik.csproj", "{0F07567B-9B4E-41AA-806B-D1EBFBA55862}"
EndProject
Global
	GlobalSection(SolutionConfigurationPlatforms) = preSolution
		Debug|Any CPU = Debug|Any CPU
		Release|Any CPU = Release|Any CPU
	EndGlobalSection
	GlobalSection(ProjectConfigurationPlatforms) = postSolution
		{0F07567B-9B4E-41AA-806B-D1EBFBA55862}.Debug|Any CPU.ActiveCfg = Debug|Any CPU
		{0F07567B-9B4E-41AA-806B-D1EBFBA55862}.Debug|Any CPU.Build.0 = Debug|Any CPU
		{0F07567B-9B4E-41AA-806B-D1EBFBA55862}.Release|Any CPU.ActiveCfg = Release|Any CPU
		{0F07567B-9B4E-41AA-806B-D1EBFBA55862}.Release|Any CPU.Build.0 = Release|Any CPU
	EndGlobalSection
	GlobalSection(SolutionProperties) = preSolution
		HideSolutionNode = FALSE
	EndGlobalSection
	GlobalSection(ExtensibilityGlobals) = postSolution
		SolutionGuid = {57B96DB0-39AB-4CC0-A06F-1B6F8F9ADD39}
	EndGlobalSection
EndGlobal
